
Microsoft Visual Studio Solution File, Format Version 12.00
# Visual Studio Version 16
VisualStudioVersion = 16.0.30011.22
MinimumVisualStudioVersion = 10.0.40219.1
Project("{FAE04EC0-301F-11D3-BF4B-00C04F79EFBC}") = "API", "API\API.csproj", "{1E6D2CDB-383A-4ECF-8859-FCA0C6A78161}"
EndProject
Global
	GlobalSection(SolutionConfigurationPlatforms) = preSolution
		Debug|Any CPU = Debug|Any CPU
		Release|Any CPU = Release|Any CPU
	EndGlobalSection
	GlobalSection(ProjectConfigurationPlatforms) = postSolution
		{1E6D2CDB-383A-4ECF-8859-FCA0C6A78161}.Debug|Any CPU.ActiveCfg = Debug|Any CPU
		{1E6D2CDB-383A-4ECF-8859-FCA0C6A78161}.Debug|Any CPU.Build.0 = Debug|Any CPU
		{1E6D2CDB-383A-4ECF-8859-FCA0C6A78161}.Release|Any CPU.ActiveCfg = Release|Any CPU
		{1E6D2CDB-383A-4ECF-8859-FCA0C6A78161}.Release|Any CPU.Build.0 = Release|Any CPU
	EndGlobalSection
	GlobalSection(SolutionProperties) = preSolution
		HideSolutionNode = FALSE
	EndGlobalSection
	GlobalSection(ExtensibilityGlobals) = postSolution
		SolutionGuid = {801CDBEC-016A-4F3A-B34F-C3703C0431F3}
	EndGlobalSection
EndGlobal
