
Microsoft Visual Studio Solution File, Format Version 12.00
# Visual Studio Version 16
VisualStudioVersion = 16.0.30011.22
MinimumVisualStudioVersion = 10.0.40219.1
Project("{FAE04EC0-301F-11D3-BF4B-00C04F79EFBC}") = "API", "API\API.csproj", "{1E6D2CDB-383A-4ECF-8859-FCA0C6A78161}"
EndProject
Project("{FAE04EC0-301F-11D3-BF4B-00C04F79EFBC}") = "Infrastructure.SqlServer", "Infrastructure.SqlServer\Infrastructure.SqlServer.csproj", "{AD24F602-D132-439F-8663-74272E1C2E04}"
EndProject
Project("{FAE04EC0-301F-11D3-BF4B-00C04F79EFBC}") = "Domain", "Domain\Domain.csproj", "{F7D5491C-7FA1-42CD-8879-E65A58F67C91}"
EndProject
Project("{FAE04EC0-301F-11D3-BF4B-00C04F79EFBC}") = "Migrations", "Migrations\Migrations.csproj", "{4EB12BB7-3448-42FB-A5EA-590150ABE688}"
EndProject
Global
	GlobalSection(SolutionConfigurationPlatforms) = preSolution
		Debug|Any CPU = Debug|Any CPU
		Release|Any CPU = Release|Any CPU
	EndGlobalSection
	GlobalSection(ProjectConfigurationPlatforms) = postSolution
		{1E6D2CDB-383A-4ECF-8859-FCA0C6A78161}.Debug|Any CPU.ActiveCfg = Debug|Any CPU
		{1E6D2CDB-383A-4ECF-8859-FCA0C6A78161}.Debug|Any CPU.Build.0 = Debug|Any CPU
		{1E6D2CDB-383A-4ECF-8859-FCA0C6A78161}.Release|Any CPU.ActiveCfg = Release|Any CPU
		{1E6D2CDB-383A-4ECF-8859-FCA0C6A78161}.Release|Any CPU.Build.0 = Release|Any CPU
		{AD24F602-D132-439F-8663-74272E1C2E04}.Debug|Any CPU.ActiveCfg = Debug|Any CPU
		{AD24F602-D132-439F-8663-74272E1C2E04}.Debug|Any CPU.Build.0 = Debug|Any CPU
		{AD24F602-D132-439F-8663-74272E1C2E04}.Release|Any CPU.ActiveCfg = Release|Any CPU
		{AD24F602-D132-439F-8663-74272E1C2E04}.Release|Any CPU.Build.0 = Release|Any CPU
		{F7D5491C-7FA1-42CD-8879-E65A58F67C91}.Debug|Any CPU.ActiveCfg = Debug|Any CPU
		{F7D5491C-7FA1-42CD-8879-E65A58F67C91}.Debug|Any CPU.Build.0 = Debug|Any CPU
		{F7D5491C-7FA1-42CD-8879-E65A58F67C91}.Release|Any CPU.ActiveCfg = Release|Any CPU
		{F7D5491C-7FA1-42CD-8879-E65A58F67C91}.Release|Any CPU.Build.0 = Release|Any CPU
		{4EB12BB7-3448-42FB-A5EA-590150ABE688}.Debug|Any CPU.ActiveCfg = Debug|Any CPU
		{4EB12BB7-3448-42FB-A5EA-590150ABE688}.Debug|Any CPU.Build.0 = Debug|Any CPU
		{4EB12BB7-3448-42FB-A5EA-590150ABE688}.Release|Any CPU.ActiveCfg = Release|Any CPU
		{4EB12BB7-3448-42FB-A5EA-590150ABE688}.Release|Any CPU.Build.0 = Release|Any CPU
	EndGlobalSection
	GlobalSection(SolutionProperties) = preSolution
		HideSolutionNode = FALSE
	EndGlobalSection
	GlobalSection(ExtensibilityGlobals) = postSolution
		SolutionGuid = {801CDBEC-016A-4F3A-B34F-C3703C0431F3}
	EndGlobalSection
EndGlobal
